
Microsoft Visual Studio Solution File, Format Version 12.00
# Visual Studio Version 17
VisualStudioVersion = 17.9.34622.214
MinimumVisualStudioVersion = 10.0.40219.1
Project("{E24C65DC-7377-472B-9ABA-BC803B73C61A}") = "PrimeOrdersWeb", ".", "{A6B5A804-C53C-4EF6-A483-62C113D0FB90}"
	ProjectSection(WebsiteProperties) = preProject
		TargetFrameworkMoniker = ".NETFramework,Version%3Dv4.8"
		Debug.AspNetCompiler.VirtualPath = "/localhost_49856"
		Debug.AspNetCompiler.PhysicalPath = "..\PrimeOrdersWeb\"
		Debug.AspNetCompiler.TargetPath = "PrecompiledWeb\localhost_49856\"
		Debug.AspNetCompiler.Updateable = "true"
		Debug.AspNetCompiler.ForceOverwrite = "true"
		Debug.AspNetCompiler.FixedNames = "false"
		Debug.AspNetCompiler.Debug = "True"
		Release.AspNetCompiler.VirtualPath = "/localhost_49856"
		Release.AspNetCompiler.PhysicalPath = "..\PrimeOrdersWeb\"
		Release.AspNetCompiler.TargetPath = "PrecompiledWeb\localhost_49856\"
		Release.AspNetCompiler.Updateable = "true"
		Release.AspNetCompiler.ForceOverwrite = "true"
		Release.AspNetCompiler.FixedNames = "false"
		Release.AspNetCompiler.Debug = "False"
		VWDPort = "49856"
		SlnRelativePath = "..\PrimeOrdersWeb\"
	EndProjectSection
EndProject
Global
	GlobalSection(SolutionConfigurationPlatforms) = preSolution
		Debug|Any CPU = Debug|Any CPU
	EndGlobalSection
	GlobalSection(ProjectConfigurationPlatforms) = postSolution
		{A6B5A804-C53C-4EF6-A483-62C113D0FB90}.Debug|Any CPU.ActiveCfg = Debug|Any CPU
		{A6B5A804-C53C-4EF6-A483-62C113D0FB90}.Debug|Any CPU.Build.0 = Debug|Any CPU
	EndGlobalSection
	GlobalSection(SolutionProperties) = preSolution
		HideSolutionNode = FALSE
	EndGlobalSection
	GlobalSection(ExtensibilityGlobals) = postSolution
		SolutionGuid = {28051422-6227-4145-B065-A63DC8F47A37}
	EndGlobalSection
EndGlobal
